
Microsoft Visual Studio Solution File, Format Version 12.00
# Visual Studio Version 17
VisualStudioVersion = 17.7.34221.43
MinimumVisualStudioVersion = 10.0.40219.1
Project("{FAE04EC0-301F-11D3-BF4B-00C04F79EFBC}") = "SumFactorialEvenDigits", "SumFactorialEvenDigits.csproj", "{B6313CC6-37A1-4992-B106-24A46D56CF6B}"
EndProject
Global
	GlobalSection(SolutionConfigurationPlatforms) = preSolution
		Debug|Any CPU = Debug|Any CPU
		Release|Any CPU = Release|Any CPU
	EndGlobalSection
	GlobalSection(ProjectConfigurationPlatforms) = postSolution
		{B6313CC6-37A1-4992-B106-24A46D56CF6B}.Debug|Any CPU.ActiveCfg = Debug|Any CPU
		{B6313CC6-37A1-4992-B106-24A46D56CF6B}.Debug|Any CPU.Build.0 = Debug|Any CPU
		{B6313CC6-37A1-4992-B106-24A46D56CF6B}.Release|Any CPU.ActiveCfg = Release|Any CPU
		{B6313CC6-37A1-4992-B106-24A46D56CF6B}.Release|Any CPU.Build.0 = Release|Any CPU
	EndGlobalSection
	GlobalSection(SolutionProperties) = preSolution
		HideSolutionNode = FALSE
	EndGlobalSection
	GlobalSection(ExtensibilityGlobals) = postSolution
		SolutionGuid = {5B12126A-5AD1-4C83-90BE-D2B4B326E7C9}
	EndGlobalSection
EndGlobal
