
Microsoft Visual Studio Solution File, Format Version 12.00
# Visual Studio Version 17
VisualStudioVersion = 17.7.34221.43
MinimumVisualStudioVersion = 10.0.40219.1
Project("{FAE04EC0-301F-11D3-BF4B-00C04F79EFBC}") = "ClassesTrainingFromW3School", "ClassesTrainingFromW3School.csproj", "{1C786AA8-6EE5-42C9-BEA1-D3E5CA29F169}"
EndProject
Global
	GlobalSection(SolutionConfigurationPlatforms) = preSolution
		Debug|Any CPU = Debug|Any CPU
		Release|Any CPU = Release|Any CPU
	EndGlobalSection
	GlobalSection(ProjectConfigurationPlatforms) = postSolution
		{1C786AA8-6EE5-42C9-BEA1-D3E5CA29F169}.Debug|Any CPU.ActiveCfg = Debug|Any CPU
		{1C786AA8-6EE5-42C9-BEA1-D3E5CA29F169}.Debug|Any CPU.Build.0 = Debug|Any CPU
		{1C786AA8-6EE5-42C9-BEA1-D3E5CA29F169}.Release|Any CPU.ActiveCfg = Release|Any CPU
		{1C786AA8-6EE5-42C9-BEA1-D3E5CA29F169}.Release|Any CPU.Build.0 = Release|Any CPU
	EndGlobalSection
	GlobalSection(SolutionProperties) = preSolution
		HideSolutionNode = FALSE
	EndGlobalSection
	GlobalSection(ExtensibilityGlobals) = postSolution
		SolutionGuid = {FEA580BA-6B5A-4FF7-A1AE-3DA8603E884F}
	EndGlobalSection
EndGlobal
