
Microsoft Visual Studio Solution File, Format Version 12.00
# Visual Studio Version 17
VisualStudioVersion = 17.7.34018.315
MinimumVisualStudioVersion = 10.0.40219.1
Project("{FAE04EC0-301F-11D3-BF4B-00C04F79EFBC}") = "MethodLab", "MethodLab.csproj", "{73980B8C-3D00-4662-BA90-46CDEF14A1F6}"
EndProject
Global
	GlobalSection(SolutionConfigurationPlatforms) = preSolution
		Debug|Any CPU = Debug|Any CPU
		Release|Any CPU = Release|Any CPU
	EndGlobalSection
	GlobalSection(ProjectConfigurationPlatforms) = postSolution
		{73980B8C-3D00-4662-BA90-46CDEF14A1F6}.Debug|Any CPU.ActiveCfg = Debug|Any CPU
		{73980B8C-3D00-4662-BA90-46CDEF14A1F6}.Debug|Any CPU.Build.0 = Debug|Any CPU
		{73980B8C-3D00-4662-BA90-46CDEF14A1F6}.Release|Any CPU.ActiveCfg = Release|Any CPU
		{73980B8C-3D00-4662-BA90-46CDEF14A1F6}.Release|Any CPU.Build.0 = Release|Any CPU
	EndGlobalSection
	GlobalSection(SolutionProperties) = preSolution
		HideSolutionNode = FALSE
	EndGlobalSection
	GlobalSection(ExtensibilityGlobals) = postSolution
		SolutionGuid = {2543DA91-698C-4504-92DB-8C047770FE9D}
	EndGlobalSection
EndGlobal
