
Microsoft Visual Studio Solution File, Format Version 12.00
# Visual Studio Version 17
VisualStudioVersion = 17.7.34018.315
MinimumVisualStudioVersion = 10.0.40219.1
Project("{FAE04EC0-301F-11D3-BF4B-00C04F79EFBC}") = "FactorialDevision", "FactorialDevision.csproj", "{05354210-A7B6-4994-89A9-8493E6140553}"
EndProject
Global
	GlobalSection(SolutionConfigurationPlatforms) = preSolution
		Debug|Any CPU = Debug|Any CPU
		Release|Any CPU = Release|Any CPU
	EndGlobalSection
	GlobalSection(ProjectConfigurationPlatforms) = postSolution
		{05354210-A7B6-4994-89A9-8493E6140553}.Debug|Any CPU.ActiveCfg = Debug|Any CPU
		{05354210-A7B6-4994-89A9-8493E6140553}.Debug|Any CPU.Build.0 = Debug|Any CPU
		{05354210-A7B6-4994-89A9-8493E6140553}.Release|Any CPU.ActiveCfg = Release|Any CPU
		{05354210-A7B6-4994-89A9-8493E6140553}.Release|Any CPU.Build.0 = Release|Any CPU
	EndGlobalSection
	GlobalSection(SolutionProperties) = preSolution
		HideSolutionNode = FALSE
	EndGlobalSection
	GlobalSection(ExtensibilityGlobals) = postSolution
		SolutionGuid = {6479E98E-BB43-4248-AB7F-BE4E11E412E8}
	EndGlobalSection
EndGlobal
