
Microsoft Visual Studio Solution File, Format Version 12.00
# Visual Studio Version 17
VisualStudioVersion = 17.7.34221.43
MinimumVisualStudioVersion = 10.0.40219.1
Project("{FAE04EC0-301F-11D3-BF4B-00C04F79EFBC}") = "RepeatStrings", "RepeatStrings.csproj", "{A68E74E9-9636-42EE-B1D9-BB4C3487DF13}"
EndProject
Global
	GlobalSection(SolutionConfigurationPlatforms) = preSolution
		Debug|Any CPU = Debug|Any CPU
		Release|Any CPU = Release|Any CPU
	EndGlobalSection
	GlobalSection(ProjectConfigurationPlatforms) = postSolution
		{A68E74E9-9636-42EE-B1D9-BB4C3487DF13}.Debug|Any CPU.ActiveCfg = Debug|Any CPU
		{A68E74E9-9636-42EE-B1D9-BB4C3487DF13}.Debug|Any CPU.Build.0 = Debug|Any CPU
		{A68E74E9-9636-42EE-B1D9-BB4C3487DF13}.Release|Any CPU.ActiveCfg = Release|Any CPU
		{A68E74E9-9636-42EE-B1D9-BB4C3487DF13}.Release|Any CPU.Build.0 = Release|Any CPU
	EndGlobalSection
	GlobalSection(SolutionProperties) = preSolution
		HideSolutionNode = FALSE
	EndGlobalSection
	GlobalSection(ExtensibilityGlobals) = postSolution
		SolutionGuid = {9D48B2B2-8D01-4140-B68A-0C5332DA5399}
	EndGlobalSection
EndGlobal
