
Microsoft Visual Studio Solution File, Format Version 12.00
# Visual Studio Version 17
VisualStudioVersion = 17.8.34316.72
MinimumVisualStudioVersion = 10.0.40219.1
Project("{FAE04EC0-301F-11D3-BF4B-00C04F79EFBC}") = "TeamworkProjects", "TeamworkProjects\TeamworkProjects.csproj", "{7EFF2E45-1D60-4595-998F-798C5B45C523}"
EndProject
Global
	GlobalSection(SolutionConfigurationPlatforms) = preSolution
		Debug|Any CPU = Debug|Any CPU
		Release|Any CPU = Release|Any CPU
	EndGlobalSection
	GlobalSection(ProjectConfigurationPlatforms) = postSolution
		{7EFF2E45-1D60-4595-998F-798C5B45C523}.Debug|Any CPU.ActiveCfg = Debug|Any CPU
		{7EFF2E45-1D60-4595-998F-798C5B45C523}.Debug|Any CPU.Build.0 = Debug|Any CPU
		{7EFF2E45-1D60-4595-998F-798C5B45C523}.Release|Any CPU.ActiveCfg = Release|Any CPU
		{7EFF2E45-1D60-4595-998F-798C5B45C523}.Release|Any CPU.Build.0 = Release|Any CPU
	EndGlobalSection
	GlobalSection(SolutionProperties) = preSolution
		HideSolutionNode = FALSE
	EndGlobalSection
	GlobalSection(ExtensibilityGlobals) = postSolution
		SolutionGuid = {895C7096-6C03-483F-8788-9148E1DE697D}
	EndGlobalSection
EndGlobal
