
Microsoft Visual Studio Solution File, Format Version 12.00
# Visual Studio Version 17
VisualStudioVersion = 17.7.34018.315
MinimumVisualStudioVersion = 10.0.40219.1
Project("{FAE04EC0-301F-11D3-BF4B-00C04F79EFBC}") = "SumAnArrays", "SumAnArrays.csproj", "{6C78B4D5-9A79-446F-9A36-2B2E8CCCB10C}"
EndProject
Global
	GlobalSection(SolutionConfigurationPlatforms) = preSolution
		Debug|Any CPU = Debug|Any CPU
		Release|Any CPU = Release|Any CPU
	EndGlobalSection
	GlobalSection(ProjectConfigurationPlatforms) = postSolution
		{6C78B4D5-9A79-446F-9A36-2B2E8CCCB10C}.Debug|Any CPU.ActiveCfg = Debug|Any CPU
		{6C78B4D5-9A79-446F-9A36-2B2E8CCCB10C}.Debug|Any CPU.Build.0 = Debug|Any CPU
		{6C78B4D5-9A79-446F-9A36-2B2E8CCCB10C}.Release|Any CPU.ActiveCfg = Release|Any CPU
		{6C78B4D5-9A79-446F-9A36-2B2E8CCCB10C}.Release|Any CPU.Build.0 = Release|Any CPU
	EndGlobalSection
	GlobalSection(SolutionProperties) = preSolution
		HideSolutionNode = FALSE
	EndGlobalSection
	GlobalSection(ExtensibilityGlobals) = postSolution
		SolutionGuid = {89E3E66A-37C7-40B3-9D09-A4A505657268}
	EndGlobalSection
EndGlobal
