
Microsoft Visual Studio Solution File, Format Version 12.00
# Visual Studio Version 17
VisualStudioVersion = 17.7.34221.43
MinimumVisualStudioVersion = 10.0.40219.1
Project("{FAE04EC0-301F-11D3-BF4B-00C04F79EFBC}") = "CountCharInStrings", "CountCharInStrings.csproj", "{A24AE77A-3BFE-491A-BCA8-92B8E8072E6E}"
EndProject
Global
	GlobalSection(SolutionConfigurationPlatforms) = preSolution
		Debug|Any CPU = Debug|Any CPU
		Release|Any CPU = Release|Any CPU
	EndGlobalSection
	GlobalSection(ProjectConfigurationPlatforms) = postSolution
		{A24AE77A-3BFE-491A-BCA8-92B8E8072E6E}.Debug|Any CPU.ActiveCfg = Debug|Any CPU
		{A24AE77A-3BFE-491A-BCA8-92B8E8072E6E}.Debug|Any CPU.Build.0 = Debug|Any CPU
		{A24AE77A-3BFE-491A-BCA8-92B8E8072E6E}.Release|Any CPU.ActiveCfg = Release|Any CPU
		{A24AE77A-3BFE-491A-BCA8-92B8E8072E6E}.Release|Any CPU.Build.0 = Release|Any CPU
	EndGlobalSection
	GlobalSection(SolutionProperties) = preSolution
		HideSolutionNode = FALSE
	EndGlobalSection
	GlobalSection(ExtensibilityGlobals) = postSolution
		SolutionGuid = {BF77B843-DD99-4CB9-B82A-9AF25A52BB7F}
	EndGlobalSection
EndGlobal
