
Microsoft Visual Studio Solution File, Format Version 12.00
# Visual Studio Version 17
VisualStudioVersion = 17.7.34221.43
MinimumVisualStudioVersion = 10.0.40219.1
Project("{FAE04EC0-301F-11D3-BF4B-00C04F79EFBC}") = "CarManufacturer", "CarManufacturer\CarManufacturer.csproj", "{C26BA26D-716A-48CA-8F7C-16ED7C981504}"
EndProject
Global
	GlobalSection(SolutionConfigurationPlatforms) = preSolution
		Debug|Any CPU = Debug|Any CPU
		Release|Any CPU = Release|Any CPU
	EndGlobalSection
	GlobalSection(ProjectConfigurationPlatforms) = postSolution
		{C26BA26D-716A-48CA-8F7C-16ED7C981504}.Debug|Any CPU.ActiveCfg = Debug|Any CPU
		{C26BA26D-716A-48CA-8F7C-16ED7C981504}.Debug|Any CPU.Build.0 = Debug|Any CPU
		{C26BA26D-716A-48CA-8F7C-16ED7C981504}.Release|Any CPU.ActiveCfg = Release|Any CPU
		{C26BA26D-716A-48CA-8F7C-16ED7C981504}.Release|Any CPU.Build.0 = Release|Any CPU
	EndGlobalSection
	GlobalSection(SolutionProperties) = preSolution
		HideSolutionNode = FALSE
	EndGlobalSection
	GlobalSection(ExtensibilityGlobals) = postSolution
		SolutionGuid = {690AE844-F946-4E9B-86E9-2FA18A79DE1F}
	EndGlobalSection
EndGlobal
