
Microsoft Visual Studio Solution File, Format Version 12.00
# Visual Studio Version 17
VisualStudioVersion = 17.7.34018.315
MinimumVisualStudioVersion = 10.0.40219.1
Project("{FAE04EC0-301F-11D3-BF4B-00C04F79EFBC}") = "ArraysLab", "ArraysLab.csproj", "{3672F965-E15E-4527-8532-779B5F6A12F7}"
EndProject
Global
	GlobalSection(SolutionConfigurationPlatforms) = preSolution
		Debug|Any CPU = Debug|Any CPU
		Release|Any CPU = Release|Any CPU
	EndGlobalSection
	GlobalSection(ProjectConfigurationPlatforms) = postSolution
		{3672F965-E15E-4527-8532-779B5F6A12F7}.Debug|Any CPU.ActiveCfg = Debug|Any CPU
		{3672F965-E15E-4527-8532-779B5F6A12F7}.Debug|Any CPU.Build.0 = Debug|Any CPU
		{3672F965-E15E-4527-8532-779B5F6A12F7}.Release|Any CPU.ActiveCfg = Release|Any CPU
		{3672F965-E15E-4527-8532-779B5F6A12F7}.Release|Any CPU.Build.0 = Release|Any CPU
	EndGlobalSection
	GlobalSection(SolutionProperties) = preSolution
		HideSolutionNode = FALSE
	EndGlobalSection
	GlobalSection(ExtensibilityGlobals) = postSolution
		SolutionGuid = {41545165-F51A-4212-BF1E-B82F877FF085}
	EndGlobalSection
EndGlobal
