
Microsoft Visual Studio Solution File, Format Version 12.00
# Visual Studio Version 17
VisualStudioVersion = 17.8.34316.72
MinimumVisualStudioVersion = 10.0.40219.1
Project("{FAE04EC0-301F-11D3-BF4B-00C04F79EFBC}") = "AreasClasses", "AreasClasses\AreasClasses.csproj", "{FCDA5C0E-9221-4DFF-B2EC-962C094CED1C}"
EndProject
Global
	GlobalSection(SolutionConfigurationPlatforms) = preSolution
		Debug|Any CPU = Debug|Any CPU
		Release|Any CPU = Release|Any CPU
	EndGlobalSection
	GlobalSection(ProjectConfigurationPlatforms) = postSolution
		{FCDA5C0E-9221-4DFF-B2EC-962C094CED1C}.Debug|Any CPU.ActiveCfg = Debug|Any CPU
		{FCDA5C0E-9221-4DFF-B2EC-962C094CED1C}.Debug|Any CPU.Build.0 = Debug|Any CPU
		{FCDA5C0E-9221-4DFF-B2EC-962C094CED1C}.Release|Any CPU.ActiveCfg = Release|Any CPU
		{FCDA5C0E-9221-4DFF-B2EC-962C094CED1C}.Release|Any CPU.Build.0 = Release|Any CPU
	EndGlobalSection
	GlobalSection(SolutionProperties) = preSolution
		HideSolutionNode = FALSE
	EndGlobalSection
	GlobalSection(ExtensibilityGlobals) = postSolution
		SolutionGuid = {2FA72446-F3C7-414B-927C-B4ECC3F9571B}
	EndGlobalSection
EndGlobal
