
Microsoft Visual Studio Solution File, Format Version 12.00
# Visual Studio Version 17
VisualStudioVersion = 17.7.34221.43
MinimumVisualStudioVersion = 10.0.40219.1
Project("{FAE04EC0-301F-11D3-BF4B-00C04F79EFBC}") = "notesVSfile", "notesVSfile.csproj", "{C04FF1F4-A8AC-4FC7-8030-8B819D9EC991}"
EndProject
Global
	GlobalSection(SolutionConfigurationPlatforms) = preSolution
		Debug|Any CPU = Debug|Any CPU
		Release|Any CPU = Release|Any CPU
	EndGlobalSection
	GlobalSection(ProjectConfigurationPlatforms) = postSolution
		{C04FF1F4-A8AC-4FC7-8030-8B819D9EC991}.Debug|Any CPU.ActiveCfg = Debug|Any CPU
		{C04FF1F4-A8AC-4FC7-8030-8B819D9EC991}.Debug|Any CPU.Build.0 = Debug|Any CPU
		{C04FF1F4-A8AC-4FC7-8030-8B819D9EC991}.Release|Any CPU.ActiveCfg = Release|Any CPU
		{C04FF1F4-A8AC-4FC7-8030-8B819D9EC991}.Release|Any CPU.Build.0 = Release|Any CPU
	EndGlobalSection
	GlobalSection(SolutionProperties) = preSolution
		HideSolutionNode = FALSE
	EndGlobalSection
	GlobalSection(ExtensibilityGlobals) = postSolution
		SolutionGuid = {0866BF8E-AEFF-4D07-97CB-46D9F49BE1C9}
	EndGlobalSection
EndGlobal
