
Microsoft Visual Studio Solution File, Format Version 12.00
# Visual Studio Version 16
VisualStudioVersion = 25.0.1706.6
MinimumVisualStudioVersion = 10.0.40219.1
Project("{FAE04EC0-301F-11D3-BF4B-00C04F79EFBC}") = "SoftUniParking", "SoftUniParking\SoftUniParking.csproj", "{040BCEF0-762D-4B70-93AA-C30B7821A3B6}"
EndProject
Global
	GlobalSection(SolutionConfigurationPlatforms) = preSolution
		Debug|Any CPU = Debug|Any CPU
		Release|Any CPU = Release|Any CPU
	EndGlobalSection
	GlobalSection(ProjectConfigurationPlatforms) = postSolution
		{040BCEF0-762D-4B70-93AA-C30B7821A3B6}.Debug|Any CPU.ActiveCfg = Debug|Any CPU
		{040BCEF0-762D-4B70-93AA-C30B7821A3B6}.Debug|Any CPU.Build.0 = Debug|Any CPU
		{040BCEF0-762D-4B70-93AA-C30B7821A3B6}.Release|Any CPU.ActiveCfg = Release|Any CPU
		{040BCEF0-762D-4B70-93AA-C30B7821A3B6}.Release|Any CPU.Build.0 = Release|Any CPU
	EndGlobalSection
	GlobalSection(SolutionProperties) = preSolution
		HideSolutionNode = FALSE
	EndGlobalSection
	GlobalSection(ExtensibilityGlobals) = postSolution
		SolutionGuid = {AF881493-897C-444A-937A-8DDD50480FFA}
	EndGlobalSection
EndGlobal
